
Microsoft Visual Studio Solution File, Format Version 12.00
# Visual Studio Version 17
VisualStudioVersion = 17.0.32126.317
MinimumVisualStudioVersion = 10.0.40219.1
Project("{9A19103F-16F7-4668-BE54-9A1E7A4F7556}") = "JSim.Core", "JSim.Core\JSim.Core.csproj", "{79A5CE10-46DD-4E2F-B46D-A123A69E22B7}"
EndProject
Project("{9A19103F-16F7-4668-BE54-9A1E7A4F7556}") = "JSim.BasicBootstrapper", "JSim.BasicBootstrapper\JSim.BasicBootstrapper.csproj", "{CEB210FE-98E5-412C-828C-7E6255A7CA64}"
EndProject
Project("{9A19103F-16F7-4668-BE54-9A1E7A4F7556}") = "JSim.TestApp", "JSim.TestApp\JSim.TestApp.csproj", "{740FBB7F-E443-4CFB-A75D-0158C070F18F}"
EndProject
Project("{9A19103F-16F7-4668-BE54-9A1E7A4F7556}") = "JSim.Logging", "JSim.Logging\JSim.Logging.csproj", "{FAB135A2-15C7-473F-9601-248E9CD0DCB1}"
EndProject
Project("{2150E333-8FDC-42A3-9474-1A3956D46DE8}") = "Applications", "Applications", "{A4A5D608-3652-44D9-ADF2-36F0AD715975}"
EndProject
Project("{2150E333-8FDC-42A3-9474-1A3956D46DE8}") = "Libraries", "Libraries", "{40D2DA6B-01AA-4108-87DA-9BF56E2FD394}"
EndProject
Project("{2150E333-8FDC-42A3-9474-1A3956D46DE8}") = "Tests", "Tests", "{F801380C-23B9-4D89-B3CD-09612AF681A7}"
EndProject
Project("{9A19103F-16F7-4668-BE54-9A1E7A4F7556}") = "SceneGraphTests", "SceneGraphTests\SceneGraphTests.csproj", "{F8288393-C60B-4AE3-A885-7380D92EFFFF}"
EndProject
Project("{2150E333-8FDC-42A3-9474-1A3956D46DE8}") = "Avalonia", "Avalonia", "{7AEC5715-192A-440B-9D29-0A5C6A6DB728}"
EndProject
Project("{9A19103F-16F7-4668-BE54-9A1E7A4F7556}") = "JSim.Importers", "JSim.Importers\JSim.Importers.csproj", "{5B9F55D0-AFB0-4054-9D44-14B8A2DA8943}"
EndProject
Project("{9A19103F-16F7-4668-BE54-9A1E7A4F7556}") = "JSimControlGallery", "JSimControlGallery\JSimControlGallery.csproj", "{FD6B62E0-E1F8-46F0-B923-F43EAFC6F70C}"
EndProject
Project("{9A19103F-16F7-4668-BE54-9A1E7A4F7556}") = "JSim.AvGL", "JSim.AvGL\JSim.AvGL.csproj", "{71AC029A-BE6D-4244-A5C8-497C469496D2}"
EndProject
Project("{9A19103F-16F7-4668-BE54-9A1E7A4F7556}") = "JSim.Av", "JSim.Av\JSim.Av.csproj", "{F3F3F72C-DF68-4691-BC52-E1B4991DF90A}"
EndProject
Project("{2150E333-8FDC-42A3-9474-1A3956D46DE8}") = "Solution Items", "Solution Items", "{F3929E2C-4D0F-4F52-8573-0D06E9274058}"
	ProjectSection(SolutionItems) = preProject
		TODO.txt = TODO.txt
	EndProjectSection
EndProject
Global
	GlobalSection(SolutionConfigurationPlatforms) = preSolution
		Debug|Any CPU = Debug|Any CPU
		Release|Any CPU = Release|Any CPU
	EndGlobalSection
	GlobalSection(ProjectConfigurationPlatforms) = postSolution
		{79A5CE10-46DD-4E2F-B46D-A123A69E22B7}.Debug|Any CPU.ActiveCfg = Debug|Any CPU
		{79A5CE10-46DD-4E2F-B46D-A123A69E22B7}.Debug|Any CPU.Build.0 = Debug|Any CPU
		{79A5CE10-46DD-4E2F-B46D-A123A69E22B7}.Release|Any CPU.ActiveCfg = Release|Any CPU
		{79A5CE10-46DD-4E2F-B46D-A123A69E22B7}.Release|Any CPU.Build.0 = Release|Any CPU
		{CEB210FE-98E5-412C-828C-7E6255A7CA64}.Debug|Any CPU.ActiveCfg = Debug|Any CPU
		{CEB210FE-98E5-412C-828C-7E6255A7CA64}.Debug|Any CPU.Build.0 = Debug|Any CPU
		{CEB210FE-98E5-412C-828C-7E6255A7CA64}.Release|Any CPU.ActiveCfg = Release|Any CPU
		{CEB210FE-98E5-412C-828C-7E6255A7CA64}.Release|Any CPU.Build.0 = Release|Any CPU
		{740FBB7F-E443-4CFB-A75D-0158C070F18F}.Debug|Any CPU.ActiveCfg = Debug|Any CPU
		{740FBB7F-E443-4CFB-A75D-0158C070F18F}.Debug|Any CPU.Build.0 = Debug|Any CPU
		{740FBB7F-E443-4CFB-A75D-0158C070F18F}.Release|Any CPU.ActiveCfg = Release|Any CPU
		{740FBB7F-E443-4CFB-A75D-0158C070F18F}.Release|Any CPU.Build.0 = Release|Any CPU
		{FAB135A2-15C7-473F-9601-248E9CD0DCB1}.Debug|Any CPU.ActiveCfg = Debug|Any CPU
		{FAB135A2-15C7-473F-9601-248E9CD0DCB1}.Debug|Any CPU.Build.0 = Debug|Any CPU
		{FAB135A2-15C7-473F-9601-248E9CD0DCB1}.Release|Any CPU.ActiveCfg = Release|Any CPU
		{FAB135A2-15C7-473F-9601-248E9CD0DCB1}.Release|Any CPU.Build.0 = Release|Any CPU
		{F8288393-C60B-4AE3-A885-7380D92EFFFF}.Debug|Any CPU.ActiveCfg = Debug|Any CPU
		{F8288393-C60B-4AE3-A885-7380D92EFFFF}.Debug|Any CPU.Build.0 = Debug|Any CPU
		{F8288393-C60B-4AE3-A885-7380D92EFFFF}.Release|Any CPU.ActiveCfg = Release|Any CPU
		{F8288393-C60B-4AE3-A885-7380D92EFFFF}.Release|Any CPU.Build.0 = Release|Any CPU
		{5B9F55D0-AFB0-4054-9D44-14B8A2DA8943}.Debug|Any CPU.ActiveCfg = Debug|Any CPU
		{5B9F55D0-AFB0-4054-9D44-14B8A2DA8943}.Debug|Any CPU.Build.0 = Debug|Any CPU
		{5B9F55D0-AFB0-4054-9D44-14B8A2DA8943}.Release|Any CPU.ActiveCfg = Release|Any CPU
		{5B9F55D0-AFB0-4054-9D44-14B8A2DA8943}.Release|Any CPU.Build.0 = Release|Any CPU
		{FD6B62E0-E1F8-46F0-B923-F43EAFC6F70C}.Debug|Any CPU.ActiveCfg = Debug|Any CPU
		{FD6B62E0-E1F8-46F0-B923-F43EAFC6F70C}.Debug|Any CPU.Build.0 = Debug|Any CPU
		{FD6B62E0-E1F8-46F0-B923-F43EAFC6F70C}.Release|Any CPU.ActiveCfg = Release|Any CPU
		{FD6B62E0-E1F8-46F0-B923-F43EAFC6F70C}.Release|Any CPU.Build.0 = Release|Any CPU
		{71AC029A-BE6D-4244-A5C8-497C469496D2}.Debug|Any CPU.ActiveCfg = Debug|Any CPU
		{71AC029A-BE6D-4244-A5C8-497C469496D2}.Debug|Any CPU.Build.0 = Debug|Any CPU
		{71AC029A-BE6D-4244-A5C8-497C469496D2}.Release|Any CPU.ActiveCfg = Release|Any CPU
		{71AC029A-BE6D-4244-A5C8-497C469496D2}.Release|Any CPU.Build.0 = Release|Any CPU
		{F3F3F72C-DF68-4691-BC52-E1B4991DF90A}.Debug|Any CPU.ActiveCfg = Debug|Any CPU
		{F3F3F72C-DF68-4691-BC52-E1B4991DF90A}.Debug|Any CPU.Build.0 = Debug|Any CPU
		{F3F3F72C-DF68-4691-BC52-E1B4991DF90A}.Release|Any CPU.ActiveCfg = Release|Any CPU
		{F3F3F72C-DF68-4691-BC52-E1B4991DF90A}.Release|Any CPU.Build.0 = Release|Any CPU
	EndGlobalSection
	GlobalSection(SolutionProperties) = preSolution
		HideSolutionNode = FALSE
	EndGlobalSection
	GlobalSection(NestedProjects) = preSolution
		{79A5CE10-46DD-4E2F-B46D-A123A69E22B7} = {40D2DA6B-01AA-4108-87DA-9BF56E2FD394}
		{CEB210FE-98E5-412C-828C-7E6255A7CA64} = {40D2DA6B-01AA-4108-87DA-9BF56E2FD394}
		{740FBB7F-E443-4CFB-A75D-0158C070F18F} = {A4A5D608-3652-44D9-ADF2-36F0AD715975}
		{FAB135A2-15C7-473F-9601-248E9CD0DCB1} = {40D2DA6B-01AA-4108-87DA-9BF56E2FD394}
		{F8288393-C60B-4AE3-A885-7380D92EFFFF} = {F801380C-23B9-4D89-B3CD-09612AF681A7}
		{5B9F55D0-AFB0-4054-9D44-14B8A2DA8943} = {40D2DA6B-01AA-4108-87DA-9BF56E2FD394}
		{FD6B62E0-E1F8-46F0-B923-F43EAFC6F70C} = {7AEC5715-192A-440B-9D29-0A5C6A6DB728}
		{71AC029A-BE6D-4244-A5C8-497C469496D2} = {7AEC5715-192A-440B-9D29-0A5C6A6DB728}
		{F3F3F72C-DF68-4691-BC52-E1B4991DF90A} = {7AEC5715-192A-440B-9D29-0A5C6A6DB728}
	EndGlobalSection
	GlobalSection(ExtensibilityGlobals) = postSolution
		SolutionGuid = {6A960BEE-BEE1-470B-A49B-99CE2343B084}
	EndGlobalSection
EndGlobal
